{
  "name": "foo",
  "requires": true,
  "lockfileVersion": 1,
  "dependencies": {
    "@types/blueimp-load-image": {
      "version": "5.14.4",
      "resolved": "https://registry.npmjs.org/@types/blueimp-load-image/-/blueimp-load-image-5.14.4.tgz",
      "integrity": "sha512-IoT8BXBuuWWscQnscGtAYH4dGEOr3uQ85MJdE9LAfperio8FQwyFaigHITPJSy+NSS4w9UHKhzmtQXt5A+544g==",
      "dev": true
    },
    "blueimp-load-image": {
      "version": "5.16.0",
      "resolved": "https://registry.npmjs.org/blueimp-load-image/-/blueimp-load-image-5.16.0.tgz",
      "integrity": "sha512-3DUSVdOtlfNRk7moRZuTwDmA3NnG8KIJuLcq3c0J7/BIr6X3Vb/EpX3kUH1joxUhmoVF4uCpDfz7wHkz8pQajA=="
    },
    "tsc": {
      "version": "2.0.3",
      "resolved": "https://registry.npmjs.org/tsc/-/tsc-2.0.3.tgz",
      "integrity": "sha512-SN+9zBUtrpUcOpaUO7GjkEHgWtf22c7FKbKCA4e858eEM7Qz86rRDpgOU2lBIDf0fLCsEg65ms899UMUIB2+Ow=="
    },
    "typescript": {
      "version": "4.4.4",
      "resolved": "https://registry.npmjs.org/typescript/-/typescript-4.4.4.tgz",
      "integrity": "sha512-DqGhF5IKoBl8WNf8C1gu8q0xZSInh9j1kJJMqT3a94w1JzVaBU4EXOSMrz9yDqMT0xt3selp83fuFMQ0uzv6qA==",
      "dev": true
    }
  }
}
